// !$*UTF8*$!
{
	archiveVersion = 1;
	classes = {
	};
	objectVersion = 50;
	objects = {

/* Begin PBXBuildFile section */
		6A0BBBEA2164143100A73596 /* AppDelegate.swift in Sources */ = {isa = PBXBuildFile; fileRef = 6A0BBBE92164143100A73596 /* AppDelegate.swift */; };
		6A0BBBEC2164143100A73596 /* ViewController.swift in Sources */ = {isa = PBXBuildFile; fileRef = 6A0BBBEB2164143100A73596 /* ViewController.swift */; };
		6A0BBBEF2164143100A73596 /* Main.storyboard in Resources */ = {isa = PBXBuildFile; fileRef = 6A0BBBED2164143100A73596 /* Main.storyboard */; };
		6A0BBBF12164143300A73596 /* Assets.xcassets in Resources */ = {isa = PBXBuildFile; fileRef = 6A0BBBF02164143300A73596 /* Assets.xcassets */; };
		6A0BBBF42164143300A73596 /* LaunchScreen.storyboard in Resources */ = {isa = PBXBuildFile; fileRef = 6A0BBBF22164143300A73596 /* LaunchScreen.storyboard */; };
		6A0BBBFF2164143300A73596 /* TODOListTests.swift in Sources */ = {isa = PBXBuildFile; fileRef = 6A0BBBFE2164143300A73596 /* TODOListTests.swift */; };
		6A0BBC0A2164143300A73596 /* TODOListUITests.swift in Sources */ = {isa = PBXBuildFile; fileRef = 6A0BBC092164143300A73596 /* TODOListUITests.swift */; };
/* End PBXBuildFile section */

/* Begin PBXContainerItemProxy section */
		6A0BBBFB2164143300A73596 /* PBXContainerItemProxy */ = {
			isa = PBXContainerItemProxy;
			containerPortal = 6A0BBBDE2164143100A73596 /* Project object */;
			proxyType = 1;
			remoteGlobalIDString = 6A0BBBE52164143100A73596;
			remoteInfo = TODOList;
		};
		6A0BBC062164143300A73596 /* PBXContainerItemProxy */ = {
			isa = PBXContainerItemProxy;
			containerPortal = 6A0BBBDE2164143100A73596 /* Project object */;
			proxyType = 1;
			remoteGlobalIDString = 6A0BBBE52164143100A73596;
			remoteInfo = TODOList;
		};
/* End PBXContainerItemProxy section */

/* Begin PBXFileReference section */
		6A0BBBE62164143100A73596 /* TODOList.app */ = {isa = PBXFileReference; explicitFileType = wrapper.application; includeInIndex = 0; path = TODOList.app; sourceTree = BUILT_PRODUCTS_DIR; };
		6A0BBBE92164143100A73596 /* AppDelegate.swift */ = {isa = PBXFileReference; lastKnownFileType = sourcecode.swift; path = AppDelegate.swift; sourceTree = "<group>"; };
		6A0BBBEB2164143100A73596 /* ViewController.swift */ = {isa = PBXFileReference; lastKnownFileType = sourcecode.swift; path = ViewController.swift; sourceTree = "<group>"; };
		6A0BBBEE2164143100A73596 /* Base */ = {isa = PBXFileReference; lastKnownFileType = file.storyboard; name = Base; path = Base.lproj/Main.storyboard; sourceTree = "<group>"; };
		6A0BBBF02164143300A73596 /* Assets.xcassets */ = {isa = PBXFileReference; lastKnownFileType = folder.assetcatalog; path = Assets.xcassets; sourceTree = "<group>"; };
		6A0BBBF32164143300A73596 /* Base */ = {isa = PBXFileReference; lastKnownFileType = file.storyboard; name = Base; path = Base.lproj/LaunchScreen.storyboard; sourceTree = "<group>"; };
		6A0BBBF52164143300A73596 /* Info.plist */ = {isa = PBXFileReference; lastKnownFileType = text.plist.xml; path = Info.plist; sourceTree = "<group>"; };
		6A0BBBFA2164143300A73596 /* TODOListTests.xctest */ = {isa = PBXFileReference; explicitFileType = wrapper.cfbundle; includeInIndex = 0; path = TODOListTests.xctest; sourceTree = BUILT_PRODUCTS_DIR; };
		6A0BBBFE2164143300A73596 /* TODOListTests.swift */ = {isa = PBXFileReference; lastKnownFileType = sourcecode.swift; path = TODOListTests.swift; sourceTree = "<group>"; };
		6A0BBC002164143300A73596 /* Info.plist */ = {isa = PBXFileReference; lastKnownFileType = text.plist.xml; path = Info.plist; sourceTree = "<group>"; };
		6A0BBC052164143300A73596 /* TODOListUITests.xctest */ = {isa = PBXFileReference; explicitFileType = wrapper.cfbundle; includeInIndex = 0; path = TODOListUITests.xctest; sourceTree = BUILT_PRODUCTS_DIR; };
		6A0BBC092164143300A73596 /* TODOListUITests.swift */ = {isa = PBXFileReference; lastKnownFileType = sourcecode.swift; path = TODOListUITests.swift; sourceTree = "<group>"; };
		6A0BBC0B2164143300A73596 /* Info.plist */ = {isa = PBXFileReference; lastKnownFileType = text.plist.xml; path = Info.plist; sourceTree = "<group>"; };
/* End PBXFileReference section */

/* Begin PBXFrameworksBuildPhase section */
		6A0BBBE32164143100A73596 /* Frameworks */ = {
			isa = PBXFrameworksBuildPhase;
			buildActionMask = 2147483647;
			files = (
			);
			runOnlyForDeploymentPostprocessing = 0;
		};
		6A0BBBF72164143300A73596 /* Frameworks */ = {
			isa = PBXFrameworksBuildPhase;
			buildActionMask = 2147483647;
			files = (
			);
			runOnlyForDeploymentPostprocessing = 0;
		};
		6A0BBC022164143300A73596 /* Frameworks */ = {
			isa = PBXFrameworksBuildPhase;
			buildActionMask = 2147483647;
			files = (
			);
			runOnlyForDeploymentPostprocessing = 0;
		};
/* End PBXFrameworksBuildPhase section */

/* Begin PBXGroup section */
		6A0BBBDD2164143100A73596 = {
			isa = PBXGroup;
			children = (
				6A0BBBE82164143100A73596 /* TODOList */,
				6A0BBBFD2164143300A73596 /* TODOListTests */,
				6A0BBC082164143300A73596 /* TODOListUITests */,
				6A0BBBE72164143100A73596 /* Products */,
			);
			sourceTree = "<group>";
		};
		6A0BBBE72164143100A73596 /* Products */ = {
			isa = PBXGroup;
			children = (
				6A0BBBE62164143100A73596 /* TODOList.app */,
				6A0BBBFA2164143300A73596 /* TODOListTests.xctest */,
				6A0BBC052164143300A73596 /* TODOListUITests.xctest */,
			);
			name = Products;
			sourceTree = "<group>";
		};
		6A0BBBE82164143100A73596 /* TODOList */ = {
			isa = PBXGroup;
			children = (
				6A0BBBE92164143100A73596 /* AppDelegate.swift */,
				6A0BBBEB2164143100A73596 /* ViewController.swift */,
				6A0BBBED2164143100A73596 /* Main.storyboard */,
				6A0BBBF02164143300A73596 /* Assets.xcassets */,
				6A0BBBF22164143300A73596 /* LaunchScreen.storyboard */,
				6A0BBBF52164143300A73596 /* Info.plist */,
			);
			path = TODOList;
			sourceTree = "<group>";
		};
		6A0BBBFD2164143300A73596 /* TODOListTests */ = {
			isa = PBXGroup;
			children = (
				6A0BBBFE2164143300A73596 /* TODOListTests.swift */,
				6A0BBC002164143300A73596 /* Info.plist */,
			);
			path = TODOListTests;
			sourceTree = "<group>";
		};
		6A0BBC082164143300A73596 /* TODOListUITests */ = {
			isa = PBXGroup;
			children = (
				6A0BBC092164143300A73596 /* TODOListUITests.swift */,
				6A0BBC0B2164143300A73596 /* Info.plist */,
			);
			path = TODOListUITests;
			sourceTree = "<group>";
		};
/* End PBXGroup section */

/* Begin PBXNativeTarget section */
		6A0BBBE52164143100A73596 /* TODOList */ = {
			isa = PBXNativeTarget;
			buildConfigurationList = 6A0BBC0E2164143300A73596 /* Build configuration list for PBXNativeTarget "TODOList" */;
			buildPhases = (
				6A0BBBE22164143100A73596 /* Sources */,
				6A0BBBE32164143100A73596 /* Frameworks */,
				6A0BBBE42164143100A73596 /* Resources */,
			);
			buildRules = (
			);
			dependencies = (
			);
			name = TODOList;
			productName = TODOList;
			productReference = 6A0BBBE62164143100A73596 /* TODOList.app */;
			productType = "com.apple.product-type.application";
		};
		6A0BBBF92164143300A73596 /* TODOListTests */ = {
			isa = PBXNativeTarget;
			buildConfigurationList = 6A0BBC112164143300A73596 /* Build configuration list for PBXNativeTarget "TODOListTests" */;
			buildPhases = (
				6A0BBBF62164143300A73596 /* Sources */,
				6A0BBBF72164143300A73596 /* Frameworks */,
				6A0BBBF82164143300A73596 /* Resources */,
			);
			buildRules = (
			);
			dependencies = (
				6A0BBBFC2164143300A73596 /* PBXTargetDependency */,
			);
			name = TODOListTests;
			productName = TODOListTests;
			productReference = 6A0BBBFA2164143300A73596 /* TODOListTests.xctest */;
			productType = "com.apple.product-type.bundle.unit-test";
		};
		6A0BBC042164143300A73596 /* TODOListUITests */ = {
			isa = PBXNativeTarget;
			buildConfigurationList = 6A0BBC142164143300A73596 /* Build configuration list for PBXNativeTarget "TODOListUITests" */;
			buildPhases = (
				6A0BBC012164143300A73596 /* Sources */,
				6A0BBC022164143300A73596 /* Frameworks */,
				6A0BBC032164143300A73596 /* Resources */,
			);
			buildRules = (
			);
			dependencies = (
				6A0BBC072164143300A73596 /* PBXTargetDependency */,
			);
			name = TODOListUITests;
			productName = TODOListUITests;
			productReference = 6A0BBC052164143300A73596 /* TODOListUITests.xctest */;
			productType = "com.apple.product-type.bundle.ui-testing";
		};
/* End PBXNativeTarget section */

/* Begin PBXProject section */
		6A0BBBDE2164143100A73596 /* Project object */ = {
			isa = PBXProject;
			attributes = {
				LastSwiftUpdateCheck = 1000;
				LastUpgradeCheck = 1000;
				ORGANIZATIONNAME = "Tengqi Zhan";
				TargetAttributes = {
					6A0BBBE52164143100A73596 = {
						CreatedOnToolsVersion = 10.0;
					};
					6A0BBBF92164143300A73596 = {
						CreatedOnToolsVersion = 10.0;
						TestTargetID = 6A0BBBE52164143100A73596;
					};
					6A0BBC042164143300A73596 = {
						CreatedOnToolsVersion = 10.0;
						TestTargetID = 6A0BBBE52164143100A73596;
					};
				};
			};
			buildConfigurationList = 6A0BBBE12164143100A73596 /* Build configuration list for PBXProject "TODOList" */;
			compatibilityVersion = "Xcode 9.3";
			developmentRegion = en;
			hasScannedForEncodings = 0;
			knownRegions = (
				en,
				Base,
			);
			mainGroup = 6A0BBBDD2164143100A73596;
			productRefGroup = 6A0BBBE72164143100A73596 /* Products */;
			projectDirPath = "";
			projectRoot = "";
			targets = (
				6A0BBBE52164143100A73596 /* TODOList */,
				6A0BBBF92164143300A73596 /* TODOListTests */,
				6A0BBC042164143300A73596 /* TODOListUITests */,
			);
		};
/* End PBXProject section */

/* Begin PBXResourcesBuildPhase section */
		6A0BBBE42164143100A73596 /* Resources */ = {
			isa = PBXResourcesBuildPhase;
			buildActionMask = 2147483647;
			files = (
				6A0BBBF42164143300A73596 /* LaunchScreen.storyboard in Resources */,
				6A0BBBF12164143300A73596 /* Assets.xcassets in Resources */,
				6A0BBBEF2164143100A73596 /* Main.storyboard in Resources */,
			);
			runOnlyForDeploymentPostprocessing = 0;
		};
		6A0BBBF82164143300A73596 /* Resources */ = {
			isa = PBXResourcesBuildPhase;
			buildActionMask = 2147483647;
			files = (
			);
			runOnlyForDeploymentPostprocessing = 0;
		};
		6A0BBC032164143300A73596 /* Resources */ = {
			isa = PBXResourcesBuildPhase;
			buildActionMask = 2147483647;
			files = (
			);
			runOnlyForDeploymentPostprocessing = 0;
		};
/* End PBXResourcesBuildPhase section */

/* Begin PBXSourcesBuildPhase section */
		6A0BBBE22164143100A73596 /* Sources */ = {
			isa = PBXSourcesBuildPhase;
			buildActionMask = 2147483647;
			files = (
				6A0BBBEC2164143100A73596 /* ViewController.swift in Sources */,
				6A0BBBEA2164143100A73596 /* AppDelegate.swift in Sources */,
			);
			runOnlyForDeploymentPostprocessing = 0;
		};
		6A0BBBF62164143300A73596 /* Sources */ = {
			isa = PBXSourcesBuildPhase;
			buildActionMask = 2147483647;
			files = (
				6A0BBBFF2164143300A73596 /* TODOListTests.swift in Sources */,
			);
			runOnlyForDeploymentPostprocessing = 0;
		};
		6A0BBC012164143300A73596 /* Sources */ = {
			isa = PBXSourcesBuildPhase;
			buildActionMask = 2147483647;
			files = (
				6A0BBC0A2164143300A73596 /* TODOListUITests.swift in Sources */,
			);
			runOnlyForDeploymentPostprocessing = 0;
		};
/* End PBXSourcesBuildPhase section */

/* Begin PBXTargetDependency section */
		6A0BBBFC2164143300A73596 /* PBXTargetDependency */ = {
			isa = PBXTargetDependency;
			target = 6A0BBBE52164143100A73596 /* TODOList */;
			targetProxy = 6A0BBBFB2164143300A73596 /* PBXContainerItemProxy */;
		};
		6A0BBC072164143300A73596 /* PBXTargetDependency */ = {
			isa = PBXTargetDependency;
			target = 6A0BBBE52164143100A73596 /* TODOList */;
			targetProxy = 6A0BBC062164143300A73596 /* PBXContainerItemProxy */;
		};
/* End PBXTargetDependency section */

/* Begin PBXVariantGroup section */
		6A0BBBED2164143100A73596 /* Main.storyboard */ = {
			isa = PBXVariantGroup;
			children = (
				6A0BBBEE2164143100A73596 /* Base */,
			);
			name = Main.storyboard;
			sourceTree = "<group>";
		};
		6A0BBBF22164143300A73596 /* LaunchScreen.storyboard */ = {
			isa = PBXVariantGroup;
			children = (
				6A0BBBF32164143300A73596 /* Base */,
			);
			name = LaunchScreen.storyboard;
			sourceTree = "<group>";
		};
/* End PBXVariantGroup section */

/* Begin XCBuildConfiguration section */
		6A0BBC0C2164143300A73596 /* Debug */ = {
			isa = XCBuildConfiguration;
			buildSettings = {
				ALWAYS_SEARCH_USER_PATHS = NO;
				CLANG_ANALYZER_NONNULL = YES;
				CLANG_ANALYZER_NUMBER_OBJECT_CONVERSION = YES_AGGRESSIVE;
				CLANG_CXX_LANGUAGE_STANDARD = "gnu++14";
				CLANG_CXX_LIBRARY = "libc++";
				CLANG_ENABLE_MODULES = YES;
				CLANG_ENABLE_OBJC_ARC = YES;
				CLANG_ENABLE_OBJC_WEAK = YES;
				CLANG_WARN_BLOCK_CAPTURE_AUTORELEASING = YES;
				CLANG_WARN_BOOL_CONVERSION = YES;
				CLANG_WARN_COMMA = YES;
				CLANG_WARN_CONSTANT_CONVERSION = YES;
				CLANG_WARN_DEPRECATED_OBJC_IMPLEMENTATIONS = YES;
				CLANG_WARN_DIRECT_OBJC_ISA_USAGE = YES_ERROR;
				CLANG_WARN_DOCUMENTATION_COMMENTS = YES;
				CLANG_WARN_EMPTY_BODY = YES;
				CLANG_WARN_ENUM_CONVERSION = YES;
				CLANG_WARN_INFINITE_RECURSION = YES;
				CLANG_WARN_INT_CONVERSION = YES;
				CLANG_WARN_NON_LITERAL_NULL_CONVERSION = YES;
				CLANG_WARN_OBJC_IMPLICIT_RETAIN_SELF = YES;
				CLANG_WARN_OBJC_LITERAL_CONVERSION = YES;
				CLANG_WARN_OBJC_ROOT_CLASS = YES_ERROR;
				CLANG_WARN_RANGE_LOOP_ANALYSIS = YES;
				CLANG_WARN_STRICT_PROTOTYPES = YES;
				CLANG_WARN_SUSPICIOUS_MOVE = YES;
				CLANG_WARN_UNGUARDED_AVAILABILITY = YES_AGGRESSIVE;
				CLANG_WARN_UNREACHABLE_CODE = YES;
				CLANG_WARN__DUPLICATE_METHOD_MATCH = YES;
				CODE_SIGN_IDENTITY = "iPhone Developer";
				COPY_PHASE_STRIP = NO;
				DEBUG_INFORMATION_FORMAT = dwarf;
				ENABLE_STRICT_OBJC_MSGSEND = YES;
				ENABLE_TESTABILITY = YES;
				GCC_C_LANGUAGE_STANDARD = gnu11;
				GCC_DYNAMIC_NO_PIC = NO;
				GCC_NO_COMMON_BLOCKS = YES;
				GCC_OPTIMIZATION_LEVEL = 0;
				GCC_PREPROCESSOR_DEFINITIONS = (
					"DEBUG=1",
					"$(inherited)",
				);
				GCC_WARN_64_TO_32_BIT_CONVERSION = YES;
				GCC_WARN_ABOUT_RETURN_TYPE = YES_ERROR;
				GCC_WARN_UNDECLARED_SELECTOR = YES;
				GCC_WARN_UNINITIALIZED_AUTOS = YES_AGGRESSIVE;
				GCC_WARN_UNUSED_FUNCTION = YES;
				GCC_WARN_UNUSED_VARIABLE = YES;
				IPHONEOS_DEPLOYMENT_TARGET = 12.0;
				MTL_ENABLE_DEBUG_INFO = INCLUDE_SOURCE;
				MTL_FAST_MATH = YES;
				ONLY_ACTIVE_ARCH = YES;
				SDKROOT = iphoneos;
				SWIFT_ACTIVE_COMPILATION_CONDITIONS = DEBUG;
				SWIFT_OPTIMIZATION_LEVEL = "-Onone";
			};
			name = Debug;
		};
		6A0BBC0D2164143300A73596 /* Release */ = {
			isa = XCBuildConfiguration;
			buildSettings = {
				ALWAYS_SEARCH_USER_PATHS = NO;
				CLANG_ANALYZER_NONNULL = YES;
				CLANG_ANALYZER_NUMBER_OBJECT_CONVERSION = YES_AGGRESSIVE;
				CLANG_CXX_LANGUAGE_STANDARD = "gnu++14";
				CLANG_CXX_LIBRARY = "libc++";
				CLANG_ENABLE_MODULES = YES;
				CLANG_ENABLE_OBJC_ARC = YES;
				CLANG_ENABLE_OBJC_WEAK = YES;
				CLANG_WARN_BLOCK_CAPTURE_AUTORELEASING = YES;
				CLANG_WARN_BOOL_CONVERSION = YES;
				CLANG_WARN_COMMA = YES;
				CLANG_WARN_CONSTANT_CONVERSION = YES;
				CLANG_WARN_DEPRECATED_OBJC_IMPLEMENTATIONS = YES;
				CLANG_WARN_DIRECT_OBJC_ISA_USAGE = YES_ERROR;
				CLANG_WARN_DOCUMENTATION_COMMENTS = YES;
				CLANG_WARN_EMPTY_BODY = YES;
				CLANG_WARN_ENUM_CONVERSION = YES;
				CLANG_WARN_INFINITE_RECURSION = YES;
				CLANG_WARN_INT_CONVERSION = YES;
				CLANG_WARN_NON_LITERAL_NULL_CONVERSION = YES;
				CLANG_WARN_OBJC_IMPLICIT_RETAIN_SELF = YES;
				CLANG_WARN_OBJC_LITERAL_CONVERSION = YES;
				CLANG_WARN_OBJC_ROOT_CLASS = YES_ERROR;
				CLANG_WARN_RANGE_LOOP_ANALYSIS = YES;
				CLANG_WARN_STRICT_PROTOTYPES = YES;
				CLANG_WARN_SUSPICIOUS_MOVE = YES;
				CLANG_WARN_UNGUARDED_AVAILABILITY = YES_AGGRESSIVE;
				CLANG_WARN_UNREACHABLE_CODE = YES;
				CLANG_WARN__DUPLICATE_METHOD_MATCH = YES;
				CODE_SIGN_IDENTITY = "iPhone Developer";
				COPY_PHASE_STRIP = NO;
				DEBUG_INFORMATION_FORMAT = "dwarf-with-dsym";
				ENABLE_NS_ASSERTIONS = NO;
				ENABLE_STRICT_OBJC_MSGSEND = YES;
				GCC_C_LANGUAGE_STANDARD = gnu11;
				GCC_NO_COMMON_BLOCKS = YES;
				GCC_WARN_64_TO_32_BIT_CONVERSION = YES;
				GCC_WARN_ABOUT_RETURN_TYPE = YES_ERROR;
				GCC_WARN_UNDECLARED_SELECTOR = YES;
				GCC_WARN_UNINITIALIZED_AUTOS = YES_AGGRESSIVE;
				GCC_WARN_UNUSED_FUNCTION = YES;
				GCC_WARN_UNUSED_VARIABLE = YES;
				IPHONEOS_DEPLOYMENT_TARGET = 12.0;
				MTL_ENABLE_DEBUG_INFO = NO;
				MTL_FAST_MATH = YES;
				SDKROOT = iphoneos;
				SWIFT_COMPILATION_MODE = wholemodule;
				SWIFT_OPTIMIZATION_LEVEL = "-O";
				VALIDATE_PRODUCT = YES;
			};
			name = Release;
		};
		6A0BBC0F2164143300A73596 /* Debug */ = {
			isa = XCBuildConfiguration;
			buildSettings = {
				ASSETCATALOG_COMPILER_APPICON_NAME = AppIcon;
				CODE_SIGN_STYLE = Automatic;
				INFOPLIST_FILE = TODOList/Info.plist;
				LD_RUNPATH_SEARCH_PATHS = (
					"$(inherited)",
					"@executable_path/Frameworks",
				);
				PRODUCT_BUNDLE_IDENTIFIER = com.marvinzhan.TODOList;
				PRODUCT_NAME = "$(TARGET_NAME)";
				SWIFT_VERSION = 4.2;
				TARGETED_DEVICE_FAMILY = "1,2";
			};
			name = Debug;
		};
		6A0BBC102164143300A73596 /* Release */ = {
			isa = XCBuildConfiguration;
			buildSettings = {
				ASSETCATALOG_COMPILER_APPICON_NAME = AppIcon;
				CODE_SIGN_STYLE = Automatic;
				INFOPLIST_FILE = TODOList/Info.plist;
				LD_RUNPATH_SEARCH_PATHS = (
					"$(inherited)",
					"@executable_path/Frameworks",
				);
				PRODUCT_BUNDLE_IDENTIFIER = com.marvinzhan.TODOList;
				PRODUCT_NAME = "$(TARGET_NAME)";
				SWIFT_VERSION = 4.2;
				TARGETED_DEVICE_FAMILY = "1,2";
			};
			name = Release;
		};
		6A0BBC122164143300A73596 /* Debug */ = {
			isa = XCBuildConfiguration;
			buildSettings = {
				ALWAYS_EMBED_SWIFT_STANDARD_LIBRARIES = YES;
				BUNDLE_LOADER = "$(TEST_HOST)";
				CODE_SIGN_STYLE = Automatic;
				INFOPLIST_FILE = TODOListTests/Info.plist;
				LD_RUNPATH_SEARCH_PATHS = (
					"$(inherited)",
					"@executable_path/Frameworks",
					"@loader_path/Frameworks",
				);
				PRODUCT_BUNDLE_IDENTIFIER = com.marvinzhan.TODOListTests;
				PRODUCT_NAME = "$(TARGET_NAME)";
				SWIFT_VERSION = 4.2;
				TARGETED_DEVICE_FAMILY = "1,2";
				TEST_HOST = "$(BUILT_PRODUCTS_DIR)/TODOList.app/TODOList";
			};
			name = Debug;
		};
		6A0BBC132164143300A73596 /* Release */ = {
			isa = XCBuildConfiguration;
			buildSettings = {
				ALWAYS_EMBED_SWIFT_STANDARD_LIBRARIES = YES;
				BUNDLE_LOADER = "$(TEST_HOST)";
				CODE_SIGN_STYLE = Automatic;
				INFOPLIST_FILE = TODOListTests/Info.plist;
				LD_RUNPATH_SEARCH_PATHS = (
					"$(inherited)",
					"@executable_path/Frameworks",
					"@loader_path/Frameworks",
				);
				PRODUCT_BUNDLE_IDENTIFIER = com.marvinzhan.TODOListTests;
				PRODUCT_NAME = "$(TARGET_NAME)";
				SWIFT_VERSION = 4.2;
				TARGETED_DEVICE_FAMILY = "1,2";
				TEST_HOST = "$(BUILT_PRODUCTS_DIR)/TODOList.app/TODOList";
			};
			name = Release;
		};
		6A0BBC152164143300A73596 /* Debug */ = {
			isa = XCBuildConfiguration;
			buildSettings = {
				ALWAYS_EMBED_SWIFT_STANDARD_LIBRARIES = YES;
				CODE_SIGN_STYLE = Automatic;
				INFOPLIST_FILE = TODOListUITests/Info.plist;
				LD_RUNPATH_SEARCH_PATHS = (
					"$(inherited)",
					"@executable_path/Frameworks",
					"@loader_path/Frameworks",
				);
				PRODUCT_BUNDLE_IDENTIFIER = com.marvinzhan.TODOListUITests;
				PRODUCT_NAME = "$(TARGET_NAME)";
				SWIFT_VERSION = 4.2;
				TARGETED_DEVICE_FAMILY = "1,2";
				TEST_TARGET_NAME = TODOList;
			};
			name = Debug;
		};
		6A0BBC162164143300A73596 /* Release */ = {
			isa = XCBuildConfiguration;
			buildSettings = {
				ALWAYS_EMBED_SWIFT_STANDARD_LIBRARIES = YES;
				CODE_SIGN_STYLE = Automatic;
				INFOPLIST_FILE = TODOListUITests/Info.plist;
				LD_RUNPATH_SEARCH_PATHS = (
					"$(inherited)",
					"@executable_path/Frameworks",
					"@loader_path/Frameworks",
				);
				PRODUCT_BUNDLE_IDENTIFIER = com.marvinzhan.TODOListUITests;
				PRODUCT_NAME = "$(TARGET_NAME)";
				SWIFT_VERSION = 4.2;
				TARGETED_DEVICE_FAMILY = "1,2";
				TEST_TARGET_NAME = TODOList;
			};
			name = Release;
		};
/* End XCBuildConfiguration section */

/* Begin XCConfigurationList section */
		6A0BBBE12164143100A73596 /* Build configuration list for PBXProject "TODOList" */ = {
			isa = XCConfigurationList;
			buildConfigurations = (
				6A0BBC0C2164143300A73596 /* Debug */,
				6A0BBC0D2164143300A73596 /* Release */,
			);
			defaultConfigurationIsVisible = 0;
			defaultConfigurationName = Release;
		};
		6A0BBC0E2164143300A73596 /* Build configuration list for PBXNativeTarget "TODOList" */ = {
			isa = XCConfigurationList;
			buildConfigurations = (
				6A0BBC0F2164143300A73596 /* Debug */,
				6A0BBC102164143300A73596 /* Release */,
			);
			defaultConfigurationIsVisible = 0;
			defaultConfigurationName = Release;
		};
		6A0BBC112164143300A73596 /* Build configuration list for PBXNativeTarget "TODOListTests" */ = {
			isa = XCConfigurationList;
			buildConfigurations = (
				6A0BBC122164143300A73596 /* Debug */,
				6A0BBC132164143300A73596 /* Release */,
			);
			defaultConfigurationIsVisible = 0;
			defaultConfigurationName = Release;
		};
		6A0BBC142164143300A73596 /* Build configuration list for PBXNativeTarget "TODOListUITests" */ = {
			isa = XCConfigurationList;
			buildConfigurations = (
				6A0BBC152164143300A73596 /* Debug */,
				6A0BBC162164143300A73596 /* Release */,
			);
			defaultConfigurationIsVisible = 0;
			defaultConfigurationName = Release;
		};
/* End XCConfigurationList section */
	};
	rootObject = 6A0BBBDE2164143100A73596 /* Project object */;
}
